
Microsoft Visual Studio Solution File, Format Version 12.00
# Visual Studio Version 17
VisualStudioVersion = 17.9.34701.34
MinimumVisualStudioVersion = 10.0.40219.1
Project("{9A19103F-16F7-4668-BE54-9A1E7A4F7556}") = "RisovavitiApi", "RisovavitiApi\RisovavitiApi.csproj", "{5A575234-1FB0-40EE-A771-4A754D9CDA93}"
EndProject
Project("{9A19103F-16F7-4668-BE54-9A1E7A4F7556}") = "DomainModel", "DomainModel\DomainModel.csproj", "{B74A1223-02D6-4701-8EB3-AD52197A910F}"
EndProject
Project("{9A19103F-16F7-4668-BE54-9A1E7A4F7556}") = "Logic", "Logic\Logic.csproj", "{0E115BF2-A619-4800-964D-5972C48707B3}"
EndProject
Project("{9A19103F-16F7-4668-BE54-9A1E7A4F7556}") = "AvaloniaRisovaviti", "AvaloniaRisovaviti\AvaloniaRisovaviti.csproj", "{48FDBF4F-E6B5-43AE-876A-D0942E0B9F18}"
EndProject
Project("{2150E333-8FDC-42A3-9474-1A3956D46DE8}") = "User", "User", "{1E16E15F-CC4F-4229-8CD2-07040D776569}"
EndProject
Project("{2150E333-8FDC-42A3-9474-1A3956D46DE8}") = "Server", "Server", "{D46723B9-A598-47F5-B899-BFF62D308EE6}"
EndProject
Project("{9A19103F-16F7-4668-BE54-9A1E7A4F7556}") = "TestRisovaviti", "TestRisovaviti\TestRisovaviti.csproj", "{C82FB1C4-4A7A-492A-818B-651DE08102D2}"
EndProject
Project("{9A19103F-16F7-4668-BE54-9A1E7A4F7556}") = "DataIntegration", "DataIntegration\DataIntegration.csproj", "{B7FA56CD-89D8-4A26-B517-C5C9B280C764}"
EndProject
Project("{9A19103F-16F7-4668-BE54-9A1E7A4F7556}") = "InteractiveApiRisovaviti", "InteractiveApiRisovaviti\InteractiveApiRisovaviti.csproj", "{DEA2B3DC-12B8-4B44-8D59-F7FD2B5915D1}"
EndProject
Global
	GlobalSection(SolutionConfigurationPlatforms) = preSolution
		Debug|Any CPU = Debug|Any CPU
		Release|Any CPU = Release|Any CPU
	EndGlobalSection
	GlobalSection(ProjectConfigurationPlatforms) = postSolution
		{5A575234-1FB0-40EE-A771-4A754D9CDA93}.Debug|Any CPU.ActiveCfg = Debug|Any CPU
		{5A575234-1FB0-40EE-A771-4A754D9CDA93}.Debug|Any CPU.Build.0 = Debug|Any CPU
		{5A575234-1FB0-40EE-A771-4A754D9CDA93}.Release|Any CPU.ActiveCfg = Release|Any CPU
		{5A575234-1FB0-40EE-A771-4A754D9CDA93}.Release|Any CPU.Build.0 = Release|Any CPU
		{B74A1223-02D6-4701-8EB3-AD52197A910F}.Debug|Any CPU.ActiveCfg = Debug|Any CPU
		{B74A1223-02D6-4701-8EB3-AD52197A910F}.Debug|Any CPU.Build.0 = Debug|Any CPU
		{B74A1223-02D6-4701-8EB3-AD52197A910F}.Release|Any CPU.ActiveCfg = Release|Any CPU
		{B74A1223-02D6-4701-8EB3-AD52197A910F}.Release|Any CPU.Build.0 = Release|Any CPU
		{0E115BF2-A619-4800-964D-5972C48707B3}.Debug|Any CPU.ActiveCfg = Debug|Any CPU
		{0E115BF2-A619-4800-964D-5972C48707B3}.Debug|Any CPU.Build.0 = Debug|Any CPU
		{0E115BF2-A619-4800-964D-5972C48707B3}.Release|Any CPU.ActiveCfg = Release|Any CPU
		{0E115BF2-A619-4800-964D-5972C48707B3}.Release|Any CPU.Build.0 = Release|Any CPU
		{48FDBF4F-E6B5-43AE-876A-D0942E0B9F18}.Debug|Any CPU.ActiveCfg = Debug|Any CPU
		{48FDBF4F-E6B5-43AE-876A-D0942E0B9F18}.Debug|Any CPU.Build.0 = Debug|Any CPU
		{48FDBF4F-E6B5-43AE-876A-D0942E0B9F18}.Release|Any CPU.ActiveCfg = Release|Any CPU
		{48FDBF4F-E6B5-43AE-876A-D0942E0B9F18}.Release|Any CPU.Build.0 = Release|Any CPU
		{C82FB1C4-4A7A-492A-818B-651DE08102D2}.Debug|Any CPU.ActiveCfg = Debug|Any CPU
		{C82FB1C4-4A7A-492A-818B-651DE08102D2}.Debug|Any CPU.Build.0 = Debug|Any CPU
		{C82FB1C4-4A7A-492A-818B-651DE08102D2}.Release|Any CPU.ActiveCfg = Release|Any CPU
		{C82FB1C4-4A7A-492A-818B-651DE08102D2}.Release|Any CPU.Build.0 = Release|Any CPU
		{B7FA56CD-89D8-4A26-B517-C5C9B280C764}.Debug|Any CPU.ActiveCfg = Debug|Any CPU
		{B7FA56CD-89D8-4A26-B517-C5C9B280C764}.Debug|Any CPU.Build.0 = Debug|Any CPU
		{B7FA56CD-89D8-4A26-B517-C5C9B280C764}.Release|Any CPU.ActiveCfg = Release|Any CPU
		{B7FA56CD-89D8-4A26-B517-C5C9B280C764}.Release|Any CPU.Build.0 = Release|Any CPU
		{DEA2B3DC-12B8-4B44-8D59-F7FD2B5915D1}.Debug|Any CPU.ActiveCfg = Debug|Any CPU
		{DEA2B3DC-12B8-4B44-8D59-F7FD2B5915D1}.Debug|Any CPU.Build.0 = Debug|Any CPU
		{DEA2B3DC-12B8-4B44-8D59-F7FD2B5915D1}.Release|Any CPU.ActiveCfg = Release|Any CPU
		{DEA2B3DC-12B8-4B44-8D59-F7FD2B5915D1}.Release|Any CPU.Build.0 = Release|Any CPU
	EndGlobalSection
	GlobalSection(SolutionProperties) = preSolution
		HideSolutionNode = FALSE
	EndGlobalSection
	GlobalSection(NestedProjects) = preSolution
		{5A575234-1FB0-40EE-A771-4A754D9CDA93} = {D46723B9-A598-47F5-B899-BFF62D308EE6}
		{B74A1223-02D6-4701-8EB3-AD52197A910F} = {D46723B9-A598-47F5-B899-BFF62D308EE6}
		{0E115BF2-A619-4800-964D-5972C48707B3} = {D46723B9-A598-47F5-B899-BFF62D308EE6}
		{48FDBF4F-E6B5-43AE-876A-D0942E0B9F18} = {1E16E15F-CC4F-4229-8CD2-07040D776569}
		{B7FA56CD-89D8-4A26-B517-C5C9B280C764} = {D46723B9-A598-47F5-B899-BFF62D308EE6}
		{DEA2B3DC-12B8-4B44-8D59-F7FD2B5915D1} = {1E16E15F-CC4F-4229-8CD2-07040D776569}
	EndGlobalSection
	GlobalSection(ExtensibilityGlobals) = postSolution
		SolutionGuid = {3CF0FD3D-2E0E-428C-8C0D-EA4F872A0F57}
	EndGlobalSection
EndGlobal
